{"format_version":"1.2","terraform_version":"1.8.5","variables":{"generate_firewall_rules_map_json":{"value":"true"}},"planned_values":{"root_module":{"resources":[{"address":"local_file.firewall_rules_map[0]","mode":"managed","type":"local_file","name":"firewall_rules_map","index":0,"provider_name":"registry.terraform.io/hashicorp/local","schema_version":0,"values":{"content":"{\"fw-r-2df35218-d6bc-5917-a362-dc09f7d2ce37\":{\"environment\":\"UNKNOWN\",\"file_name\":\"demo-2-17.json\",\"id\":\"allow-tcp-443-ingr-iap-e\",\"network\":\"demo-vpc-alpha\",\"prefix\":\"UNKNOWN\",\"project_id\":\"gcp-workflow-firewall-rules\",\"rule_index\":\"0\"},\"fw-r-9b811626-889a-5fd8-b2c6-a1b5a4db9b06\":{\"environment\":\"UNKNOWN\",\"file_name\":\"allow-tcp-all-ingress-iap.json\",\"id\":\"allow-tcp-all-ingr-iap-e\",\"network\":\"demo-vpc-alpha\",\"prefix\":\"UNKNOWN\",\"project_id\":\"gcp-workflow-firewall-rules\",\"rule_index\":\"0\"},\"fw-r-bb0bd9e9-68c2-5ce1-a4b9-77c5a11bc1be\":{\"environment\":\"UNKNOWN\",\"file_name\":\"demo-2-17.json\",\"id\":\"allow-tcp-443-ingr-ext-e\",\"network\":\"demo-vpc-alpha\",\"prefix\":\"UNKNOWN\",\"project_id\":\"gcp-workflow-firewall-rules\",\"rule_index\":\"1\"},\"fw-r-fb7ae334-5a67-58a2-99aa-b431ae0f129b\":{\"environment\":\"UNKNOWN\",\"file_name\":\"bad-lin.json\",\"id\":\"allow-tcp-443-ingr-iap-e\",\"network\":\"demo-vpc-bravo\",\"prefix\":\"UNKNOWN\",\"project_id\":\"gcp-workflow-firewall-rules\",\"rule_index\":\"0\"}}","content_base64":null,"directory_permission":"0777","file_permission":"0777","filename":"./outputs/managed.json","sensitive_content":null,"source":null},"sensitive_values":{"sensitive_content":true}}],"child_modules":[{"resources":[{"address":"module.firewall_rules.google_compute_firewall.firewall_rule[\"fw-r-2df35218-d6bc-5917-a362-dc09f7d2ce37\"]","mode":"managed","type":"google_compute_firewall","name":"firewall_rule","index":"fw-r-2df35218-d6bc-5917-a362-dc09f7d2ce37","provider_name":"registry.terraform.io/hashicorp/google","schema_version":1,"values":{"allow":[{"ports":["443","8443","9090"],"protocol":"tcp"}],"deny":[],"description":"test","direction":"INGRESS","disabled":false,"log_config":[{"metadata":"INCLUDE_ALL_METADATA"}],"name":"allow-tcp-443-ingr-iap-e","network":"demo-vpc-alpha","priority":1000,"project":"gcp-workflow-firewall-rules","source_ranges":["35.235.240.0/20"],"source_service_accounts":null,"source_tags":null,"target_service_accounts":null,"target_tags":null,"timeouts":null},"sensitive_values":{"allow":[{"ports":[false,false,false]}],"deny":[],"destination_ranges":[],"log_config":[{}],"source_ranges":[false]}},{"address":"module.firewall_rules.google_compute_firewall.firewall_rule[\"fw-r-9b811626-889a-5fd8-b2c6-a1b5a4db9b06\"]","mode":"managed","type":"google_compute_firewall","name":"firewall_rule","index":"fw-r-9b811626-889a-5fd8-b2c6-a1b5a4db9b06","provider_name":"registry.terraform.io/hashicorp/google","schema_version":1,"values":{"allow":[{"ports":[],"protocol":"tcp"}],"deny":[],"description":null,"direction":"INGRESS","disabled":false,"log_config":[{"metadata":"INCLUDE_ALL_METADATA"}],"name":"allow-tcp-all-ingr-iap-e","network":"demo-vpc-alpha","priority":1000,"project":"gcp-workflow-firewall-rules","source_ranges":["35.235.240.0/20"],"source_service_accounts":null,"source_tags":null,"target_service_accounts":null,"target_tags":null,"timeouts":null},"sensitive_values":{"allow":[{"ports":[]}],"deny":[],"destination_ranges":[],"log_config":[{}],"source_ranges":[false]}},{"address":"module.firewall_rules.google_compute_firewall.firewall_rule[\"fw-r-bb0bd9e9-68c2-5ce1-a4b9-77c5a11bc1be\"]","mode":"managed","type":"google_compute_firewall","name":"firewall_rule","index":"fw-r-bb0bd9e9-68c2-5ce1-a4b9-77c5a11bc1be","provider_name":"registry.terraform.io/hashicorp/google","schema_version":1,"values":{"allow":[{"ports":["443","8443"],"protocol":"tcp"}],"deny":[],"description":null,"direction":"INGRESS","disabled":false,"log_config":[{"metadata":"INCLUDE_ALL_METADATA"}],"name":"allow-tcp-443-ingr-ext-e","network":"demo-vpc-alpha","priority":1000,"project":"gcp-workflow-firewall-rules","source_ranges":["0.0.0.0/0"],"source_service_accounts":null,"source_tags":null,"target_service_accounts":null,"target_tags":["foo"],"timeouts":null},"sensitive_values":{"allow":[{"ports":[false,false]}],"deny":[],"destination_ranges":[],"log_config":[{}],"source_ranges":[false],"target_tags":[false]}},{"address":"module.firewall_rules.google_compute_firewall.firewall_rule[\"fw-r-fb7ae334-5a67-58a2-99aa-b431ae0f129b\"]","mode":"managed","type":"google_compute_firewall","name":"firewall_rule","index":"fw-r-fb7ae334-5a67-58a2-99aa-b431ae0f129b","provider_name":"registry.terraform.io/hashicorp/google","schema_version":1,"values":{"allow":[{"ports":["443","8443","9090"],"protocol":"tcp"}],"deny":[],"description":"test","direction":"INGRESS","disabled":false,"log_config":[{"metadata":"INCLUDE_ALL_METADATA"}],"name":"allow-tcp-443-ingr-iap-e","network":"demo-vpc-bravo","priority":1000,"project":"gcp-workflow-firewall-rules","source_ranges":null,"source_service_accounts":null,"source_tags":null,"target_service_accounts":null,"target_tags":null,"timeouts":null},"sensitive_values":{"allow":[{"ports":[false,false,false]}],"deny":[],"destination_ranges":[],"log_config":[{}]}}],"address":"module.firewall_rules"}]}},"resource_drift":[{"address":"module.firewall_rules.google_compute_firewall.firewall_rule[\"fw-r-7a883cd9-9ffa-5998-a237-d3bff8744200\"]","module_address":"module.firewall_rules","mode":"managed","type":"google_compute_firewall","name":"firewall_rule","index":"fw-r-7a883cd9-9ffa-5998-a237-d3bff8744200","provider_name":"registry.terraform.io/hashicorp/google","change":{"actions":["update"],"before":{"allow":[{"ports":[],"protocol":"tcp"}],"creation_timestamp":"2024-07-03T08:20:33.621-07:00","deny":[],"description":"Allow IAP traffic to local VMs","destination_ranges":[],"direction":"INGRESS","disabled":false,"enable_logging":null,"id":"projects/gcp-workflow-firewall-rules/global/firewalls/allow-tcp-all-ingress-iap-explicit","log_config":[{"metadata":"INCLUDE_ALL_METADATA"}],"name":"allow-tcp-all-ingress-iap-explicit","network":"https://www.googleapis.com/compute/v1/projects/gcp-workflow-firewall-rules/global/networks/demo-vpc-alpha","priority":1000,"project":"gcp-workflow-firewall-rules","self_link":"https://www.googleapis.com/compute/v1/projects/gcp-workflow-firewall-rules/global/firewalls/allow-tcp-all-ingress-iap-explicit","source_ranges":["35.235.240.0/20"],"source_service_accounts":null,"source_tags":null,"target_service_accounts":null,"target_tags":null,"timeouts":null},"after":{"allow":[{"ports":[],"protocol":"tcp"}],"creation_timestamp":"2024-07-03T08:20:33.621-07:00","deny":[],"description":"Allow IAP traffic to local VMs","destination_ranges":[],"direction":"INGRESS","disabled":false,"enable_logging":null,"id":"projects/gcp-workflow-firewall-rules/global/firewalls/allow-tcp-all-ingress-iap-explicit","log_config":[{"metadata":"INCLUDE_ALL_METADATA"}],"name":"allow-tcp-all-ingress-iap-explicit","network":"https://www.googleapis.com/compute/v1/projects/gcp-workflow-firewall-rules/global/networks/demo-vpc-alpha","priority":1000,"project":"gcp-workflow-firewall-rules","self_link":"https://www.googleapis.com/compute/v1/projects/gcp-workflow-firewall-rules/global/firewalls/allow-tcp-all-ingress-iap-explicit","source_ranges":["35.235.240.0/20"],"source_service_accounts":[],"source_tags":[],"target_service_accounts":[],"target_tags":[],"timeouts":null},"after_unknown":{},"before_sensitive":{"allow":[{"ports":[]}],"deny":[],"destination_ranges":[],"log_config":[{}],"source_ranges":[false]},"after_sensitive":{"allow":[{"ports":[]}],"deny":[],"destination_ranges":[],"log_config":[{}],"source_ranges":[false],"source_service_accounts":[],"source_tags":[],"target_service_accounts":[],"target_tags":[]}}},{"address":"module.firewall_rules.google_compute_firewall.firewall_rule[\"fw-r-d28d27fa-21f7-5b4c-add5-79f86c154eb7\"]","module_address":"module.firewall_rules","mode":"managed","type":"google_compute_firewall","name":"firewall_rule","index":"fw-r-d28d27fa-21f7-5b4c-add5-79f86c154eb7","provider_name":"registry.terraform.io/hashicorp/google","change":{"actions":["update"],"before":{"allow":[{"ports":["443","8443","9090"],"protocol":"tcp"}],"creation_timestamp":"2024-07-03T08:20:33.616-07:00","deny":[],"description":"test","destination_ranges":[],"direction":"INGRESS","disabled":false,"enable_logging":null,"id":"projects/gcp-workflow-firewall-rules/global/firewalls/allow-tcp-443-ingress-iap-explicit","log_config":[{"metadata":"INCLUDE_ALL_METADATA"}],"name":"allow-tcp-443-ingress-iap-explicit","network":"https://www.googleapis.com/compute/v1/projects/gcp-workflow-firewall-rules/global/networks/demo-vpc-alpha","priority":1000,"project":"gcp-workflow-firewall-rules","self_link":"https://www.googleapis.com/compute/v1/projects/gcp-workflow-firewall-rules/global/firewalls/allow-tcp-443-ingress-iap-explicit","source_ranges":["35.235.240.0/20"],"source_service_accounts":null,"source_tags":null,"target_service_accounts":null,"target_tags":null,"timeouts":null},"after":{"allow":[{"ports":["443","8443","9090"],"protocol":"tcp"}],"creation_timestamp":"2024-07-03T08:20:33.616-07:00","deny":[],"description":"test","destination_ranges":[],"direction":"INGRESS","disabled":false,"enable_logging":null,"id":"projects/gcp-workflow-firewall-rules/global/firewalls/allow-tcp-443-ingress-iap-explicit","log_config":[{"metadata":"INCLUDE_ALL_METADATA"}],"name":"allow-tcp-443-ingress-iap-explicit","network":"https://www.googleapis.com/compute/v1/projects/gcp-workflow-firewall-rules/global/networks/demo-vpc-alpha","priority":1000,"project":"gcp-workflow-firewall-rules","self_link":"https://www.googleapis.com/compute/v1/projects/gcp-workflow-firewall-rules/global/firewalls/allow-tcp-443-ingress-iap-explicit","source_ranges":["35.235.240.0/20"],"source_service_accounts":[],"source_tags":[],"target_service_accounts":[],"target_tags":[],"timeouts":null},"after_unknown":{},"before_sensitive":{"allow":[{"ports":[false,false,false]}],"deny":[],"destination_ranges":[],"log_config":[{}],"source_ranges":[false]},"after_sensitive":{"allow":[{"ports":[false,false,false]}],"deny":[],"destination_ranges":[],"log_config":[{}],"source_ranges":[false],"source_service_accounts":[],"source_tags":[],"target_service_accounts":[],"target_tags":[]}}},{"address":"module.firewall_rules.google_compute_firewall.firewall_rule[\"fw-r-f00c7442-a4d3-57a2-b650-097d6dbe2d97\"]","module_address":"module.firewall_rules","mode":"managed","type":"google_compute_firewall","name":"firewall_rule","index":"fw-r-f00c7442-a4d3-57a2-b650-097d6dbe2d97","provider_name":"registry.terraform.io/hashicorp/google","change":{"actions":["update"],"before":{"allow":[{"ports":["443","8443"],"protocol":"tcp"}],"creation_timestamp":"2024-07-03T08:20:33.415-07:00","deny":[],"description":"","destination_ranges":[],"direction":"INGRESS","disabled":false,"enable_logging":null,"id":"projects/gcp-workflow-firewall-rules/global/firewalls/allow-tcp-443-ingress-external-explicit","log_config":[{"metadata":"INCLUDE_ALL_METADATA"}],"name":"allow-tcp-443-ingress-external-explicit","network":"https://www.googleapis.com/compute/v1/projects/gcp-workflow-firewall-rules/global/networks/demo-vpc-alpha","priority":1000,"project":"gcp-workflow-firewall-rules","self_link":"https://www.googleapis.com/compute/v1/projects/gcp-workflow-firewall-rules/global/firewalls/allow-tcp-443-ingress-external-explicit","source_ranges":["0.0.0.0/0"],"source_service_accounts":null,"source_tags":null,"target_service_accounts":null,"target_tags":["foo"],"timeouts":null},"after":{"allow":[{"ports":["443","8443"],"protocol":"tcp"}],"creation_timestamp":"2024-07-03T08:20:33.415-07:00","deny":[],"description":"","destination_ranges":[],"direction":"INGRESS","disabled":false,"enable_logging":null,"id":"projects/gcp-workflow-firewall-rules/global/firewalls/allow-tcp-443-ingress-external-explicit","log_config":[{"metadata":"INCLUDE_ALL_METADATA"}],"name":"allow-tcp-443-ingress-external-explicit","network":"https://www.googleapis.com/compute/v1/projects/gcp-workflow-firewall-rules/global/networks/demo-vpc-alpha","priority":1000,"project":"gcp-workflow-firewall-rules","self_link":"https://www.googleapis.com/compute/v1/projects/gcp-workflow-firewall-rules/global/firewalls/allow-tcp-443-ingress-external-explicit","source_ranges":["0.0.0.0/0"],"source_service_accounts":[],"source_tags":[],"target_service_accounts":[],"target_tags":["foo"],"timeouts":null},"after_unknown":{},"before_sensitive":{"allow":[{"ports":[false,false]}],"deny":[],"destination_ranges":[],"log_config":[{}],"source_ranges":[false],"target_tags":[false]},"after_sensitive":{"allow":[{"ports":[false,false]}],"deny":[],"destination_ranges":[],"log_config":[{}],"source_ranges":[false],"source_service_accounts":[],"source_tags":[],"target_service_accounts":[],"target_tags":[false]}}}],"resource_changes":[{"address":"local_file.firewall_rules_map[0]","mode":"managed","type":"local_file","name":"firewall_rules_map","index":0,"provider_name":"registry.terraform.io/hashicorp/local","change":{"actions":["create"],"before":null,"after":{"content":"{\"fw-r-2df35218-d6bc-5917-a362-dc09f7d2ce37\":{\"environment\":\"UNKNOWN\",\"file_name\":\"demo-2-17.json\",\"id\":\"allow-tcp-443-ingr-iap-e\",\"network\":\"demo-vpc-alpha\",\"prefix\":\"UNKNOWN\",\"project_id\":\"gcp-workflow-firewall-rules\",\"rule_index\":\"0\"},\"fw-r-9b811626-889a-5fd8-b2c6-a1b5a4db9b06\":{\"environment\":\"UNKNOWN\",\"file_name\":\"allow-tcp-all-ingress-iap.json\",\"id\":\"allow-tcp-all-ingr-iap-e\",\"network\":\"demo-vpc-alpha\",\"prefix\":\"UNKNOWN\",\"project_id\":\"gcp-workflow-firewall-rules\",\"rule_index\":\"0\"},\"fw-r-bb0bd9e9-68c2-5ce1-a4b9-77c5a11bc1be\":{\"environment\":\"UNKNOWN\",\"file_name\":\"demo-2-17.json\",\"id\":\"allow-tcp-443-ingr-ext-e\",\"network\":\"demo-vpc-alpha\",\"prefix\":\"UNKNOWN\",\"project_id\":\"gcp-workflow-firewall-rules\",\"rule_index\":\"1\"},\"fw-r-fb7ae334-5a67-58a2-99aa-b431ae0f129b\":{\"environment\":\"UNKNOWN\",\"file_name\":\"bad-lin.json\",\"id\":\"allow-tcp-443-ingr-iap-e\",\"network\":\"demo-vpc-bravo\",\"prefix\":\"UNKNOWN\",\"project_id\":\"gcp-workflow-firewall-rules\",\"rule_index\":\"0\"}}","content_base64":null,"directory_permission":"0777","file_permission":"0777","filename":"./outputs/managed.json","sensitive_content":null,"source":null},"after_unknown":{"content_base64sha256":true,"content_base64sha512":true,"content_md5":true,"content_sha1":true,"content_sha256":true,"content_sha512":true,"id":true},"before_sensitive":false,"after_sensitive":{"sensitive_content":true}}},{"address":"module.firewall_rules.google_compute_firewall.firewall_rule[\"fw-r-2df35218-d6bc-5917-a362-dc09f7d2ce37\"]","module_address":"module.firewall_rules","mode":"managed","type":"google_compute_firewall","name":"firewall_rule","index":"fw-r-2df35218-d6bc-5917-a362-dc09f7d2ce37","provider_name":"registry.terraform.io/hashicorp/google","change":{"actions":["create"],"before":null,"after":{"allow":[{"ports":["443","8443","9090"],"protocol":"tcp"}],"deny":[],"description":"test","direction":"INGRESS","disabled":false,"log_config":[{"metadata":"INCLUDE_ALL_METADATA"}],"name":"allow-tcp-443-ingr-iap-e","network":"demo-vpc-alpha","priority":1000,"project":"gcp-workflow-firewall-rules","source_ranges":["35.235.240.0/20"],"source_service_accounts":null,"source_tags":null,"target_service_accounts":null,"target_tags":null,"timeouts":null},"after_unknown":{"allow":[{"ports":[false,false,false]}],"creation_timestamp":true,"deny":[],"destination_ranges":true,"enable_logging":true,"id":true,"log_config":[{}],"self_link":true,"source_ranges":[false]},"before_sensitive":false,"after_sensitive":{"allow":[{"ports":[false,false,false]}],"deny":[],"destination_ranges":[],"log_config":[{}],"source_ranges":[false]}}},{"address":"module.firewall_rules.google_compute_firewall.firewall_rule[\"fw-r-7a883cd9-9ffa-5998-a237-d3bff8744200\"]","module_address":"module.firewall_rules","mode":"managed","type":"google_compute_firewall","name":"firewall_rule","index":"fw-r-7a883cd9-9ffa-5998-a237-d3bff8744200","provider_name":"registry.terraform.io/hashicorp/google","change":{"actions":["delete"],"before":{"allow":[{"ports":[],"protocol":"tcp"}],"creation_timestamp":"2024-07-03T08:20:33.621-07:00","deny":[],"description":"Allow IAP traffic to local VMs","destination_ranges":[],"direction":"INGRESS","disabled":false,"enable_logging":null,"id":"projects/gcp-workflow-firewall-rules/global/firewalls/allow-tcp-all-ingress-iap-explicit","log_config":[{"metadata":"INCLUDE_ALL_METADATA"}],"name":"allow-tcp-all-ingress-iap-explicit","network":"https://www.googleapis.com/compute/v1/projects/gcp-workflow-firewall-rules/global/networks/demo-vpc-alpha","priority":1000,"project":"gcp-workflow-firewall-rules","self_link":"https://www.googleapis.com/compute/v1/projects/gcp-workflow-firewall-rules/global/firewalls/allow-tcp-all-ingress-iap-explicit","source_ranges":["35.235.240.0/20"],"source_service_accounts":[],"source_tags":[],"target_service_accounts":[],"target_tags":[],"timeouts":null},"after":null,"after_unknown":{},"before_sensitive":{"allow":[{"ports":[]}],"deny":[],"destination_ranges":[],"log_config":[{}],"source_ranges":[false],"source_service_accounts":[],"source_tags":[],"target_service_accounts":[],"target_tags":[]},"after_sensitive":false},"action_reason":"delete_because_each_key"},{"address":"module.firewall_rules.google_compute_firewall.firewall_rule[\"fw-r-9b811626-889a-5fd8-b2c6-a1b5a4db9b06\"]","module_address":"module.firewall_rules","mode":"managed","type":"google_compute_firewall","name":"firewall_rule","index":"fw-r-9b811626-889a-5fd8-b2c6-a1b5a4db9b06","provider_name":"registry.terraform.io/hashicorp/google","change":{"actions":["create"],"before":null,"after":{"allow":[{"ports":[],"protocol":"tcp"}],"deny":[],"description":null,"direction":"INGRESS","disabled":false,"log_config":[{"metadata":"INCLUDE_ALL_METADATA"}],"name":"allow-tcp-all-ingr-iap-e","network":"demo-vpc-alpha","priority":1000,"project":"gcp-workflow-firewall-rules","source_ranges":["35.235.240.0/20"],"source_service_accounts":null,"source_tags":null,"target_service_accounts":null,"target_tags":null,"timeouts":null},"after_unknown":{"allow":[{"ports":[]}],"creation_timestamp":true,"deny":[],"destination_ranges":true,"enable_logging":true,"id":true,"log_config":[{}],"self_link":true,"source_ranges":[false]},"before_sensitive":false,"after_sensitive":{"allow":[{"ports":[]}],"deny":[],"destination_ranges":[],"log_config":[{}],"source_ranges":[false]}}},{"address":"module.firewall_rules.google_compute_firewall.firewall_rule[\"fw-r-bb0bd9e9-68c2-5ce1-a4b9-77c5a11bc1be\"]","module_address":"module.firewall_rules","mode":"managed","type":"google_compute_firewall","name":"firewall_rule","index":"fw-r-bb0bd9e9-68c2-5ce1-a4b9-77c5a11bc1be","provider_name":"registry.terraform.io/hashicorp/google","change":{"actions":["create"],"before":null,"after":{"allow":[{"ports":["443","8443"],"protocol":"tcp"}],"deny":[],"description":null,"direction":"INGRESS","disabled":false,"log_config":[{"metadata":"INCLUDE_ALL_METADATA"}],"name":"allow-tcp-443-ingr-ext-e","network":"demo-vpc-alpha","priority":1000,"project":"gcp-workflow-firewall-rules","source_ranges":["0.0.0.0/0"],"source_service_accounts":null,"source_tags":null,"target_service_accounts":null,"target_tags":["foo"],"timeouts":null},"after_unknown":{"allow":[{"ports":[false,false]}],"creation_timestamp":true,"deny":[],"destination_ranges":true,"enable_logging":true,"id":true,"log_config":[{}],"self_link":true,"source_ranges":[false],"target_tags":[false]},"before_sensitive":false,"after_sensitive":{"allow":[{"ports":[false,false]}],"deny":[],"destination_ranges":[],"log_config":[{}],"source_ranges":[false],"target_tags":[false]}}},{"address":"module.firewall_rules.google_compute_firewall.firewall_rule[\"fw-r-d28d27fa-21f7-5b4c-add5-79f86c154eb7\"]","module_address":"module.firewall_rules","mode":"managed","type":"google_compute_firewall","name":"firewall_rule","index":"fw-r-d28d27fa-21f7-5b4c-add5-79f86c154eb7","provider_name":"registry.terraform.io/hashicorp/google","change":{"actions":["delete"],"before":{"allow":[{"ports":["443","8443","9090"],"protocol":"tcp"}],"creation_timestamp":"2024-07-03T08:20:33.616-07:00","deny":[],"description":"test","destination_ranges":[],"direction":"INGRESS","disabled":false,"enable_logging":null,"id":"projects/gcp-workflow-firewall-rules/global/firewalls/allow-tcp-443-ingress-iap-explicit","log_config":[{"metadata":"INCLUDE_ALL_METADATA"}],"name":"allow-tcp-443-ingress-iap-explicit","network":"https://www.googleapis.com/compute/v1/projects/gcp-workflow-firewall-rules/global/networks/demo-vpc-alpha","priority":1000,"project":"gcp-workflow-firewall-rules","self_link":"https://www.googleapis.com/compute/v1/projects/gcp-workflow-firewall-rules/global/firewalls/allow-tcp-443-ingress-iap-explicit","source_ranges":["35.235.240.0/20"],"source_service_accounts":[],"source_tags":[],"target_service_accounts":[],"target_tags":[],"timeouts":null},"after":null,"after_unknown":{},"before_sensitive":{"allow":[{"ports":[false,false,false]}],"deny":[],"destination_ranges":[],"log_config":[{}],"source_ranges":[false],"source_service_accounts":[],"source_tags":[],"target_service_accounts":[],"target_tags":[]},"after_sensitive":false},"action_reason":"delete_because_each_key"},{"address":"module.firewall_rules.google_compute_firewall.firewall_rule[\"fw-r-f00c7442-a4d3-57a2-b650-097d6dbe2d97\"]","module_address":"module.firewall_rules","mode":"managed","type":"google_compute_firewall","name":"firewall_rule","index":"fw-r-f00c7442-a4d3-57a2-b650-097d6dbe2d97","provider_name":"registry.terraform.io/hashicorp/google","change":{"actions":["delete"],"before":{"allow":[{"ports":["443","8443"],"protocol":"tcp"}],"creation_timestamp":"2024-07-03T08:20:33.415-07:00","deny":[],"description":"","destination_ranges":[],"direction":"INGRESS","disabled":false,"enable_logging":null,"id":"projects/gcp-workflow-firewall-rules/global/firewalls/allow-tcp-443-ingress-external-explicit","log_config":[{"metadata":"INCLUDE_ALL_METADATA"}],"name":"allow-tcp-443-ingress-external-explicit","network":"https://www.googleapis.com/compute/v1/projects/gcp-workflow-firewall-rules/global/networks/demo-vpc-alpha","priority":1000,"project":"gcp-workflow-firewall-rules","self_link":"https://www.googleapis.com/compute/v1/projects/gcp-workflow-firewall-rules/global/firewalls/allow-tcp-443-ingress-external-explicit","source_ranges":["0.0.0.0/0"],"source_service_accounts":[],"source_tags":[],"target_service_accounts":[],"target_tags":["foo"],"timeouts":null},"after":null,"after_unknown":{},"before_sensitive":{"allow":[{"ports":[false,false]}],"deny":[],"destination_ranges":[],"log_config":[{}],"source_ranges":[false],"source_service_accounts":[],"source_tags":[],"target_service_accounts":[],"target_tags":[false]},"after_sensitive":false},"action_reason":"delete_because_each_key"},{"address":"module.firewall_rules.google_compute_firewall.firewall_rule[\"fw-r-fb7ae334-5a67-58a2-99aa-b431ae0f129b\"]","module_address":"module.firewall_rules","mode":"managed","type":"google_compute_firewall","name":"firewall_rule","index":"fw-r-fb7ae334-5a67-58a2-99aa-b431ae0f129b","provider_name":"registry.terraform.io/hashicorp/google","change":{"actions":["create"],"before":null,"after":{"allow":[{"ports":["443","8443","9090"],"protocol":"tcp"}],"deny":[],"description":"test","direction":"INGRESS","disabled":false,"log_config":[{"metadata":"INCLUDE_ALL_METADATA"}],"name":"allow-tcp-443-ingr-iap-e","network":"demo-vpc-bravo","priority":1000,"project":"gcp-workflow-firewall-rules","source_ranges":null,"source_service_accounts":null,"source_tags":null,"target_service_accounts":null,"target_tags":null,"timeouts":null},"after_unknown":{"allow":[{"ports":[false,false,false]}],"creation_timestamp":true,"deny":[],"destination_ranges":true,"enable_logging":true,"id":true,"log_config":[{}],"self_link":true},"before_sensitive":false,"after_sensitive":{"allow":[{"ports":[false,false,false]}],"deny":[],"destination_ranges":[],"log_config":[{}]}}}],"prior_state":{"format_version":"1.0","terraform_version":"1.8.5","values":{"root_module":{"child_modules":[{"resources":[{"address":"module.firewall_rules.google_compute_firewall.firewall_rule[\"fw-r-7a883cd9-9ffa-5998-a237-d3bff8744200\"]","mode":"managed","type":"google_compute_firewall","name":"firewall_rule","index":"fw-r-7a883cd9-9ffa-5998-a237-d3bff8744200","provider_name":"registry.terraform.io/hashicorp/google","schema_version":1,"values":{"allow":[{"ports":[],"protocol":"tcp"}],"creation_timestamp":"2024-07-03T08:20:33.621-07:00","deny":[],"description":"Allow IAP traffic to local VMs","destination_ranges":[],"direction":"INGRESS","disabled":false,"enable_logging":null,"id":"projects/gcp-workflow-firewall-rules/global/firewalls/allow-tcp-all-ingress-iap-explicit","log_config":[{"metadata":"INCLUDE_ALL_METADATA"}],"name":"allow-tcp-all-ingress-iap-explicit","network":"https://www.googleapis.com/compute/v1/projects/gcp-workflow-firewall-rules/global/networks/demo-vpc-alpha","priority":1000,"project":"gcp-workflow-firewall-rules","self_link":"https://www.googleapis.com/compute/v1/projects/gcp-workflow-firewall-rules/global/firewalls/allow-tcp-all-ingress-iap-explicit","source_ranges":["35.235.240.0/20"],"source_service_accounts":[],"source_tags":[],"target_service_accounts":[],"target_tags":[],"timeouts":null},"sensitive_values":{"allow":[{"ports":[]}],"deny":[],"destination_ranges":[],"log_config":[{}],"source_ranges":[false],"source_service_accounts":[],"source_tags":[],"target_service_accounts":[],"target_tags":[]}},{"address":"module.firewall_rules.google_compute_firewall.firewall_rule[\"fw-r-d28d27fa-21f7-5b4c-add5-79f86c154eb7\"]","mode":"managed","type":"google_compute_firewall","name":"firewall_rule","index":"fw-r-d28d27fa-21f7-5b4c-add5-79f86c154eb7","provider_name":"registry.terraform.io/hashicorp/google","schema_version":1,"values":{"allow":[{"ports":["443","8443","9090"],"protocol":"tcp"}],"creation_timestamp":"2024-07-03T08:20:33.616-07:00","deny":[],"description":"test","destination_ranges":[],"direction":"INGRESS","disabled":false,"enable_logging":null,"id":"projects/gcp-workflow-firewall-rules/global/firewalls/allow-tcp-443-ingress-iap-explicit","log_config":[{"metadata":"INCLUDE_ALL_METADATA"}],"name":"allow-tcp-443-ingress-iap-explicit","network":"https://www.googleapis.com/compute/v1/projects/gcp-workflow-firewall-rules/global/networks/demo-vpc-alpha","priority":1000,"project":"gcp-workflow-firewall-rules","self_link":"https://www.googleapis.com/compute/v1/projects/gcp-workflow-firewall-rules/global/firewalls/allow-tcp-443-ingress-iap-explicit","source_ranges":["35.235.240.0/20"],"source_service_accounts":[],"source_tags":[],"target_service_accounts":[],"target_tags":[],"timeouts":null},"sensitive_values":{"allow":[{"ports":[false,false,false]}],"deny":[],"destination_ranges":[],"log_config":[{}],"source_ranges":[false],"source_service_accounts":[],"source_tags":[],"target_service_accounts":[],"target_tags":[]}},{"address":"module.firewall_rules.google_compute_firewall.firewall_rule[\"fw-r-f00c7442-a4d3-57a2-b650-097d6dbe2d97\"]","mode":"managed","type":"google_compute_firewall","name":"firewall_rule","index":"fw-r-f00c7442-a4d3-57a2-b650-097d6dbe2d97","provider_name":"registry.terraform.io/hashicorp/google","schema_version":1,"values":{"allow":[{"ports":["443","8443"],"protocol":"tcp"}],"creation_timestamp":"2024-07-03T08:20:33.415-07:00","deny":[],"description":"","destination_ranges":[],"direction":"INGRESS","disabled":false,"enable_logging":null,"id":"projects/gcp-workflow-firewall-rules/global/firewalls/allow-tcp-443-ingress-external-explicit","log_config":[{"metadata":"INCLUDE_ALL_METADATA"}],"name":"allow-tcp-443-ingress-external-explicit","network":"https://www.googleapis.com/compute/v1/projects/gcp-workflow-firewall-rules/global/networks/demo-vpc-alpha","priority":1000,"project":"gcp-workflow-firewall-rules","self_link":"https://www.googleapis.com/compute/v1/projects/gcp-workflow-firewall-rules/global/firewalls/allow-tcp-443-ingress-external-explicit","source_ranges":["0.0.0.0/0"],"source_service_accounts":[],"source_tags":[],"target_service_accounts":[],"target_tags":["foo"],"timeouts":null},"sensitive_values":{"allow":[{"ports":[false,false]}],"deny":[],"destination_ranges":[],"log_config":[{}],"source_ranges":[false],"source_service_accounts":[],"source_tags":[],"target_service_accounts":[],"target_tags":[false]}}],"address":"module.firewall_rules"}]}}},"configuration":{"provider_config":{"local":{"name":"local","full_name":"registry.terraform.io/hashicorp/local"},"module.firewall_rules:google":{"name":"google","full_name":"registry.terraform.io/hashicorp/google","version_constraint":"\u003e= 4.48.0, \u003c 6.0.0","module_address":"module.firewall_rules"}},"root_module":{"resources":[{"address":"local_file.firewall_rules_map","mode":"managed","type":"local_file","name":"firewall_rules_map","provider_config_key":"local","expressions":{"content":{"references":["module.firewall_rules.firewall_rules_map","module.firewall_rules"]},"filename":{"references":["path.module"]}},"schema_version":0,"count_expression":{"references":["var.generate_firewall_rules_map_json"]}}],"module_calls":{"firewall_rules":{"source":"r-teller/firewall-rules/google","expressions":{"firewall_rules":{"references":["local.firewall_rules"]},"include_implicit_addresses":{"constant_value":false}},"module":{"outputs":{"firewall_rules_json":{"expression":{"references":["local.firewall_rules","local.firewall_rules","local.defaults_firewall_rule.name","local.defaults_firewall_rule","local.firewall_rules","local.firewall_rules","local.firewall_rules","local.firewall_rules","local.firewall_rules","local.firewall_rules","local.firewall_rules","local.firewall_rules","local.firewall_rules","local.firewall_rules","local.firewall_rules","local.firewall_rules","local.firewall_rules","local.firewall_rules","local.firewall_rules","local.firewall_rules","local.firewall_rules","local.firewall_rules","local.firewall_rules","local.firewall_rules","local.firewall_rules","local.firewall_rules","local.firewall_rules","local.firewall_rules","local.firewall_rules","local.firewall_rules","local.firewall_rules","local.firewall_rules","local.firewall_rules","local.firewall_rules","local.firewall_rules"]}},"firewall_rules_map":{"expression":{"references":["local.firewall_rules"]}},"firewall_rules_raw":{"expression":{"references":["google_compute_firewall.firewall_rule"]}}},"resources":[{"address":"google_compute_firewall.firewall_rule","mode":"managed","type":"google_compute_firewall","name":"firewall_rule","provider_config_key":"module.firewall_rules:google","expressions":{"description":{"references":["each.value.description","each.value"]},"destination_ranges":{"references":["each.value.target_ranges","each.value"]},"direction":{"references":["each.value.rule_direction","each.value"]},"disabled":{"references":["each.value.disabled","each.value"]},"name":{"references":["each.value.name","each.value","local.defaults_firewall_rule.name","local.defaults_firewall_rule","each.value.name","each.value","each.key"]},"network":{"references":["each.value.network","each.value"]},"priority":{"references":["each.value.priority","each.value"]},"project":{"references":["each.value.project_id","each.value"]},"source_ranges":{"references":["each.value.source_ranges","each.value"]},"source_service_accounts":{"references":["each.value.source_service_accounts","each.value","each.value.rule_direction","each.value","each.value.source_service_accounts","each.value"]},"source_tags":{"references":["each.value.source_tags","each.value","each.value.rule_direction","each.value","each.value.source_tags","each.value"]},"target_service_accounts":{"references":["each.value.target_service_accounts","each.value","each.value.rule_direction","each.value","each.value.target_service_accounts","each.value","each.value.source_service_accounts","each.value","each.value.rule_direction","each.value","each.value.source_service_accounts","each.value"]},"target_tags":{"references":["each.value.target_tags","each.value","each.value.rule_direction","each.value","each.value.target_tags","each.value","each.value.source_tags","each.value","each.value.rule_direction","each.value","each.value.source_tags","each.value"]}},"schema_version":1,"for_each_expression":{"references":["var.use_legacy_naming","local.firewall_rules_legacy","local.firewall_rules"]}}],"variables":{"environment":{"default":null,"description":"This field denotes the environment tag for firewall rule, used for dynamic name generation."},"firewall_rules":{"description":"Collection of firewall rules that need to be created"},"include_implicit_addresses":{"default":true,"description":"When a source or destination specification is ommited from in an ingress or egress rule, Google Cloud uses the default source IPv4 address range 0.0.0.0/0 (any IPv4 address). This flag includes it as an explicit confiugration attribute"},"network":{"default":null,"description":"Name of the network this set of firewall rules applies to."},"override_dynamic_naming":{"default":{"include_environment":true,"include_id":true,"include_name":true,"include_network":true,"include_prefix":true,"include_project_id":true},"description":"Configuration object for dynamic naming of firewall rules, specifying which attributes to include. These flags do not work with legacy naming"},"prefix":{"default":null,"description":"This field denotes the prefix tag for firewall rule, used for dynamic name generation."},"project_id":{"default":null,"description":"Project id of the project that holds the network."},"use_legacy_naming":{"default":false,"description":"Toggle to use legacy naming conventions for firewall rules."}}},"version_constraint":"\u003e=3.0.0"}},"variables":{"generate_firewall_rules_map_json":{"default":false}}}},"relevant_attributes":[{"resource":"module.firewall_rules.google_compute_firewall.firewall_rule","attribute":[]}],"checks":[{"address":{"kind":"var","module":"module.firewall_rules","name":"firewall_rules","to_display":"module.firewall_rules.var.firewall_rules"},"status":"pass","instances":[{"address":{"module":"module.firewall_rules","to_display":"module.firewall_rules.var.firewall_rules"},"status":"pass"}]}],"timestamp":"2024-07-22T14:46:38Z","applyable":true,"complete":true,"errored":false}
